// !$*UTF8*$!
{
	archiveVersion = 1;
	classes = {
	};
	objectVersion = 77;
	objects = {

/* Begin PBXContainerItemProxy section */
		F371636C2D30E04500F2C852 /* PBXContainerItemProxy */ = {
			isa = PBXContainerItemProxy;
			containerPortal = F371634D2D30E04300F2C852 /* Project object */;
			proxyType = 1;
			remoteGlobalIDString = F37163542D30E04300F2C852;
			remoteInfo = "1+rockscissor";
		};
		F37163762D30E04500F2C852 /* PBXContainerItemProxy */ = {
			isa = PBXContainerItemProxy;
			containerPortal = F371634D2D30E04300F2C852 /* Project object */;
			proxyType = 1;
			remoteGlobalIDString = F37163542D30E04300F2C852;
			remoteInfo = "1+rockscissor";
		};
/* End PBXContainerItemProxy section */

/* Begin PBXFileReference section */
		F37163552D30E04300F2C852 /* 1+rockscissor.app */ = {isa = PBXFileReference; explicitFileType = wrapper.application; includeInIndex = 0; path = "1+rockscissor.app"; sourceTree = BUILT_PRODUCTS_DIR; };
		F371636B2D30E04500F2C852 /* 1+rockscissorTests.xctest */ = {isa = PBXFileReference; explicitFileType = wrapper.cfbundle; includeInIndex = 0; path = "1+rockscissorTests.xctest"; sourceTree = BUILT_PRODUCTS_DIR; };
		F37163752D30E04500F2C852 /* 1+rockscissorUITests.xctest */ = {isa = PBXFileReference; explicitFileType = wrapper.cfbundle; includeInIndex = 0; path = "1+rockscissorUITests.xctest"; sourceTree = BUILT_PRODUCTS_DIR; };
/* End PBXFileReference section */

/* Begin PBXFileSystemSynchronizedBuildFileExceptionSet section */
		F371637D2D30E04500F2C852 /* Exceptions for "1+rockscissor" folder in "1+rockscissor" target */ = {
			isa = PBXFileSystemSynchronizedBuildFileExceptionSet;
			membershipExceptions = (
				Info.plist,
			);
			target = F37163542D30E04300F2C852 /* 1+rockscissor */;
		};
/* End PBXFileSystemSynchronizedBuildFileExceptionSet section */

/* Begin PBXFileSystemSynchronizedRootGroup section */
		F37163572D30E04300F2C852 /* 1+rockscissor */ = {
			isa = PBXFileSystemSynchronizedRootGroup;
			exceptions = (
				F371637D2D30E04500F2C852 /* Exceptions for "1+rockscissor" folder in "1+rockscissor" target */,
			);
			path = "1+rockscissor";
			sourceTree = "<group>";
		};
		F371636E2D30E04500F2C852 /* 1+rockscissorTests */ = {
			isa = PBXFileSystemSynchronizedRootGroup;
			path = "1+rockscissorTests";
			sourceTree = "<group>";
		};
		F37163782D30E04500F2C852 /* 1+rockscissorUITests */ = {
			isa = PBXFileSystemSynchronizedRootGroup;
			path = "1+rockscissorUITests";
			sourceTree = "<group>";
		};
/* End PBXFileSystemSynchronizedRootGroup section */

/* Begin PBXFrameworksBuildPhase section */
		F37163522D30E04300F2C852 /* Frameworks */ = {
			isa = PBXFrameworksBuildPhase;
			buildActionMask = 2147483647;
			files = (
			);
			runOnlyForDeploymentPostprocessing = 0;
		};
		F37163682D30E04500F2C852 /* Frameworks */ = {
			isa = PBXFrameworksBuildPhase;
			buildActionMask = 2147483647;
			files = (
			);
			runOnlyForDeploymentPostprocessing = 0;
		};
		F37163722D30E04500F2C852 /* Frameworks */ = {
			isa = PBXFrameworksBuildPhase;
			buildActionMask = 2147483647;
			files = (
			);
			runOnlyForDeploymentPostprocessing = 0;
		};
/* End PBXFrameworksBuildPhase section */

/* Begin PBXGroup section */
		F371634C2D30E04300F2C852 = {
			isa = PBXGroup;
			children = (
				F37163572D30E04300F2C852 /* 1+rockscissor */,
				F371636E2D30E04500F2C852 /* 1+rockscissorTests */,
				F37163782D30E04500F2C852 /* 1+rockscissorUITests */,
				F37163562D30E04300F2C852 /* Products */,
			);
			sourceTree = "<group>";
		};
		F37163562D30E04300F2C852 /* Products */ = {
			isa = PBXGroup;
			children = (
				F37163552D30E04300F2C852 /* 1+rockscissor.app */,
				F371636B2D30E04500F2C852 /* 1+rockscissorTests.xctest */,
				F37163752D30E04500F2C852 /* 1+rockscissorUITests.xctest */,
			);
			name = Products;
			sourceTree = "<group>";
		};
/* End PBXGroup section */

/* Begin PBXNativeTarget section */
		F37163542D30E04300F2C852 /* 1+rockscissor */ = {
			isa = PBXNativeTarget;
			buildConfigurationList = F371637E2D30E04500F2C852 /* Build configuration list for PBXNativeTarget "1+rockscissor" */;
			buildPhases = (
				F37163512D30E04300F2C852 /* Sources */,
				F37163522D30E04300F2C852 /* Frameworks */,
				F37163532D30E04300F2C852 /* Resources */,
			);
			buildRules = (
			);
			dependencies = (
			);
			fileSystemSynchronizedGroups = (
				F37163572D30E04300F2C852 /* 1+rockscissor */,
			);
			name = "1+rockscissor";
			packageProductDependencies = (
			);
			productName = "1+rockscissor";
			productReference = F37163552D30E04300F2C852 /* 1+rockscissor.app */;
			productType = "com.apple.product-type.application";
		};
		F371636A2D30E04500F2C852 /* 1+rockscissorTests */ = {
			isa = PBXNativeTarget;
			buildConfigurationList = F37163832D30E04500F2C852 /* Build configuration list for PBXNativeTarget "1+rockscissorTests" */;
			buildPhases = (
				F37163672D30E04500F2C852 /* Sources */,
				F37163682D30E04500F2C852 /* Frameworks */,
				F37163692D30E04500F2C852 /* Resources */,
			);
			buildRules = (
			);
			dependencies = (
				F371636D2D30E04500F2C852 /* PBXTargetDependency */,
			);
			fileSystemSynchronizedGroups = (
				F371636E2D30E04500F2C852 /* 1+rockscissorTests */,
			);
			name = "1+rockscissorTests";
			packageProductDependencies = (
			);
			productName = "1+rockscissorTests";
			productReference = F371636B2D30E04500F2C852 /* 1+rockscissorTests.xctest */;
			productType = "com.apple.product-type.bundle.unit-test";
		};
		F37163742D30E04500F2C852 /* 1+rockscissorUITests */ = {
			isa = PBXNativeTarget;
			buildConfigurationList = F37163862D30E04500F2C852 /* Build configuration list for PBXNativeTarget "1+rockscissorUITests" */;
			buildPhases = (
				F37163712D30E04500F2C852 /* Sources */,
				F37163722D30E04500F2C852 /* Frameworks */,
				F37163732D30E04500F2C852 /* Resources */,
			);
			buildRules = (
			);
			dependencies = (
				F37163772D30E04500F2C852 /* PBXTargetDependency */,
			);
			fileSystemSynchronizedGroups = (
				F37163782D30E04500F2C852 /* 1+rockscissorUITests */,
			);
			name = "1+rockscissorUITests";
			packageProductDependencies = (
			);
			productName = "1+rockscissorUITests";
			productReference = F37163752D30E04500F2C852 /* 1+rockscissorUITests.xctest */;
			productType = "com.apple.product-type.bundle.ui-testing";
		};
/* End PBXNativeTarget section */

/* Begin PBXProject section */
		F371634D2D30E04300F2C852 /* Project object */ = {
			isa = PBXProject;
			attributes = {
				BuildIndependentTargetsInParallel = 1;
				LastSwiftUpdateCheck = 1620;
				LastUpgradeCheck = 1620;
				TargetAttributes = {
					F37163542D30E04300F2C852 = {
						CreatedOnToolsVersion = 16.2;
					};
					F371636A2D30E04500F2C852 = {
						CreatedOnToolsVersion = 16.2;
						TestTargetID = F37163542D30E04300F2C852;
					};
					F37163742D30E04500F2C852 = {
						CreatedOnToolsVersion = 16.2;
						TestTargetID = F37163542D30E04300F2C852;
					};
				};
			};
			buildConfigurationList = F37163502D30E04300F2C852 /* Build configuration list for PBXProject "1+rockscissor" */;
			developmentRegion = en;
			hasScannedForEncodings = 0;
			knownRegions = (
				en,
				Base,
			);
			mainGroup = F371634C2D30E04300F2C852;
			minimizedProjectReferenceProxies = 1;
			preferredProjectObjectVersion = 77;
			productRefGroup = F37163562D30E04300F2C852 /* Products */;
			projectDirPath = "";
			projectRoot = "";
			targets = (
				F37163542D30E04300F2C852 /* 1+rockscissor */,
				F371636A2D30E04500F2C852 /* 1+rockscissorTests */,
				F37163742D30E04500F2C852 /* 1+rockscissorUITests */,
			);
		};
/* End PBXProject section */

/* Begin PBXResourcesBuildPhase section */
		F37163532D30E04300F2C852 /* Resources */ = {
			isa = PBXResourcesBuildPhase;
			buildActionMask = 2147483647;
			files = (
			);
			runOnlyForDeploymentPostprocessing = 0;
		};
		F37163692D30E04500F2C852 /* Resources */ = {
			isa = PBXResourcesBuildPhase;
			buildActionMask = 2147483647;
			files = (
			);
			runOnlyForDeploymentPostprocessing = 0;
		};
		F37163732D30E04500F2C852 /* Resources */ = {
			isa = PBXResourcesBuildPhase;
			buildActionMask = 2147483647;
			files = (
			);
			runOnlyForDeploymentPostprocessing = 0;
		};
/* End PBXResourcesBuildPhase section */

/* Begin PBXSourcesBuildPhase section */
		F37163512D30E04300F2C852 /* Sources */ = {
			isa = PBXSourcesBuildPhase;
			buildActionMask = 2147483647;
			files = (
			);
			runOnlyForDeploymentPostprocessing = 0;
		};
		F37163672D30E04500F2C852 /* Sources */ = {
			isa = PBXSourcesBuildPhase;
			buildActionMask = 2147483647;
			files = (
			);
			runOnlyForDeploymentPostprocessing = 0;
		};
		F37163712D30E04500F2C852 /* Sources */ = {
			isa = PBXSourcesBuildPhase;
			buildActionMask = 2147483647;
			files = (
			);
			runOnlyForDeploymentPostprocessing = 0;
		};
/* End PBXSourcesBuildPhase section */

/* Begin PBXTargetDependency section */
		F371636D2D30E04500F2C852 /* PBXTargetDependency */ = {
			isa = PBXTargetDependency;
			target = F37163542D30E04300F2C852 /* 1+rockscissor */;
			targetProxy = F371636C2D30E04500F2C852 /* PBXContainerItemProxy */;
		};
		F37163772D30E04500F2C852 /* PBXTargetDependency */ = {
			isa = PBXTargetDependency;
			target = F37163542D30E04300F2C852 /* 1+rockscissor */;
			targetProxy = F37163762D30E04500F2C852 /* PBXContainerItemProxy */;
		};
/* End PBXTargetDependency section */

/* Begin XCBuildConfiguration section */
		F371637F2D30E04500F2C852 /* Debug */ = {
			isa = XCBuildConfiguration;
			buildSettings = {
				ASSETCATALOG_COMPILER_APPICON_NAME = AppIcon;
				ASSETCATALOG_COMPILER_GLOBAL_ACCENT_COLOR_NAME = AccentColor;
				CODE_SIGN_STYLE = Automatic;
				CURRENT_PROJECT_VERSION = 1;
				DEVELOPMENT_TEAM = 75LH226TN7;
				GENERATE_INFOPLIST_FILE = YES;
				INFOPLIST_FILE = "1+rockscissor/Info.plist";
				INFOPLIST_KEY_UIApplicationSupportsIndirectInputEvents = YES;
				INFOPLIST_KEY_UILaunchStoryboardName = LaunchScreen;
				INFOPLIST_KEY_UIMainStoryboardFile = Main;
				INFOPLIST_KEY_UISupportedInterfaceOrientations_iPad = "UIInterfaceOrientationPortrait UIInterfaceOrientationPortraitUpsideDown UIInterfaceOrientationLandscapeLeft UIInterfaceOrientationLandscapeRight";
				INFOPLIST_KEY_UISupportedInterfaceOrientations_iPhone = "UIInterfaceOrientationPortrait UIInterfaceOrientationLandscapeLeft UIInterfaceOrientationLandscapeRight";
				LD_RUNPATH_SEARCH_PATHS = (
					"$(inherited)",
					"@executable_path/Frameworks",
				);
				MARKETING_VERSION = 1.0;
				PRODUCT_BUNDLE_IDENTIFIER = "com.myname.--rockscissor";
				PRODUCT_NAME = "$(TARGET_NAME)";
				SWIFT_EMIT_LOC_STRINGS = YES;
				SWIFT_VERSION = 5.0;
				TARGETED_DEVICE_FAMILY = "1,2";
			};
			name = Debug;
		};
		F37163802D30E04500F2C852 /* Release */ = {
			isa = XCBuildConfiguration;
			buildSettings = {
				ASSETCATALOG_COMPILER_APPICON_NAME = AppIcon;
				ASSETCATALOG_COMPILER_GLOBAL_ACCENT_COLOR_NAME = AccentColor;
				CODE_SIGN_STYLE = Automatic;
				CURRENT_PROJECT_VERSION = 1;
				DEVELOPMENT_TEAM = 75LH226TN7;
				GENERATE_INFOPLIST_FILE = YES;
				INFOPLIST_FILE = "1+rockscissor/Info.plist";
				INFOPLIST_KEY_UIApplicationSupportsIndirectInputEvents = YES;
				INFOPLIST_KEY_UILaunchStoryboardName = LaunchScreen;
				INFOPLIST_KEY_UIMainStoryboardFile = Main;
				INFOPLIST_KEY_UISupportedInterfaceOrientations_iPad = "UIInterfaceOrientationPortrait UIInterfaceOrientationPortraitUpsideDown UIInterfaceOrientationLandscapeLeft UIInterfaceOrientationLandscapeRight";
				INFOPLIST_KEY_UISupportedInterfaceOrientations_iPhone = "UIInterfaceOrientationPortrait UIInterfaceOrientationLandscapeLeft UIInterfaceOrientationLandscapeRight";
				LD_RUNPATH_SEARCH_PATHS = (
					"$(inherited)",
					"@executable_path/Frameworks",
				);
				MARKETING_VERSION = 1.0;
				PRODUCT_BUNDLE_IDENTIFIER = "com.myname.--rockscissor";
				PRODUCT_NAME = "$(TARGET_NAME)";
				SWIFT_EMIT_LOC_STRINGS = YES;
				SWIFT_VERSION = 5.0;
				TARGETED_DEVICE_FAMILY = "1,2";
			};
			name = Release;
		};
		F37163812D30E04500F2C852 /* Debug */ = {
			isa = XCBuildConfiguration;
			buildSettings = {
				ALWAYS_SEARCH_USER_PATHS = NO;
				ASSETCATALOG_COMPILER_GENERATE_SWIFT_ASSET_SYMBOL_EXTENSIONS = YES;
				CLANG_ANALYZER_NONNULL = YES;
				CLANG_ANALYZER_NUMBER_OBJECT_CONVERSION = YES_AGGRESSIVE;
				CLANG_CXX_LANGUAGE_STANDARD = "gnu++20";
				CLANG_ENABLE_MODULES = YES;
				CLANG_ENABLE_OBJC_ARC = YES;
				CLANG_ENABLE_OBJC_WEAK = YES;
				CLANG_WARN_BLOCK_CAPTURE_AUTORELEASING = YES;
				CLANG_WARN_BOOL_CONVERSION = YES;
				CLANG_WARN_COMMA = YES;
				CLANG_WARN_CONSTANT_CONVERSION = YES;
				CLANG_WARN_DEPRECATED_OBJC_IMPLEMENTATIONS = YES;
				CLANG_WARN_DIRECT_OBJC_ISA_USAGE = YES_ERROR;
				CLANG_WARN_DOCUMENTATION_COMMENTS = YES;
				CLANG_WARN_EMPTY_BODY = YES;
				CLANG_WARN_ENUM_CONVERSION = YES;
				CLANG_WARN_INFINITE_RECURSION = YES;
				CLANG_WARN_INT_CONVERSION = YES;
				CLANG_WARN_NON_LITERAL_NULL_CONVERSION = YES;
				CLANG_WARN_OBJC_IMPLICIT_RETAIN_SELF = YES;
				CLANG_WARN_OBJC_LITERAL_CONVERSION = YES;
				CLANG_WARN_OBJC_ROOT_CLASS = YES_ERROR;
				CLANG_WARN_QUOTED_INCLUDE_IN_FRAMEWORK_HEADER = YES;
				CLANG_WARN_RANGE_LOOP_ANALYSIS = YES;
				CLANG_WARN_STRICT_PROTOTYPES = YES;
				CLANG_WARN_SUSPICIOUS_MOVE = YES;
				CLANG_WARN_UNGUARDED_AVAILABILITY = YES_AGGRESSIVE;
				CLANG_WARN_UNREACHABLE_CODE = YES;
				CLANG_WARN__DUPLICATE_METHOD_MATCH = YES;
				COPY_PHASE_STRIP = NO;
				DEBUG_INFORMATION_FORMAT = dwarf;
				ENABLE_STRICT_OBJC_MSGSEND = YES;
				ENABLE_TESTABILITY = YES;
				ENABLE_USER_SCRIPT_SANDBOXING = YES;
				GCC_C_LANGUAGE_STANDARD = gnu17;
				GCC_DYNAMIC_NO_PIC = NO;
				GCC_NO_COMMON_BLOCKS = YES;
				GCC_OPTIMIZATION_LEVEL = 0;
				GCC_PREPROCESSOR_DEFINITIONS = (
					"DEBUG=1",
					"$(inherited)",
				);
				GCC_WARN_64_TO_32_BIT_CONVERSION = YES;
				GCC_WARN_ABOUT_RETURN_TYPE = YES_ERROR;
				GCC_WARN_UNDECLARED_SELECTOR = YES;
				GCC_WARN_UNINITIALIZED_AUTOS = YES_AGGRESSIVE;
				GCC_WARN_UNUSED_FUNCTION = YES;
				GCC_WARN_UNUSED_VARIABLE = YES;
				IPHONEOS_DEPLOYMENT_TARGET = 18.2;
				LOCALIZATION_PREFERS_STRING_CATALOGS = YES;
				MTL_ENABLE_DEBUG_INFO = INCLUDE_SOURCE;
				MTL_FAST_MATH = YES;
				ONLY_ACTIVE_ARCH = YES;
				SDKROOT = iphoneos;
				SWIFT_ACTIVE_COMPILATION_CONDITIONS = "DEBUG $(inherited)";
				SWIFT_OPTIMIZATION_LEVEL = "-Onone";
			};
			name = Debug;
		};
		F37163822D30E04500F2C852 /* Release */ = {
			isa = XCBuildConfiguration;
			buildSettings = {
				ALWAYS_SEARCH_USER_PATHS = NO;
				ASSETCATALOG_COMPILER_GENERATE_SWIFT_ASSET_SYMBOL_EXTENSIONS = YES;
				CLANG_ANALYZER_NONNULL = YES;
				CLANG_ANALYZER_NUMBER_OBJECT_CONVERSION = YES_AGGRESSIVE;
				CLANG_CXX_LANGUAGE_STANDARD = "gnu++20";
				CLANG_ENABLE_MODULES = YES;
				CLANG_ENABLE_OBJC_ARC = YES;
				CLANG_ENABLE_OBJC_WEAK = YES;
				CLANG_WARN_BLOCK_CAPTURE_AUTORELEASING = YES;
				CLANG_WARN_BOOL_CONVERSION = YES;
				CLANG_WARN_COMMA = YES;
				CLANG_WARN_CONSTANT_CONVERSION = YES;
				CLANG_WARN_DEPRECATED_OBJC_IMPLEMENTATIONS = YES;
				CLANG_WARN_DIRECT_OBJC_ISA_USAGE = YES_ERROR;
				CLANG_WARN_DOCUMENTATION_COMMENTS = YES;
				CLANG_WARN_EMPTY_BODY = YES;
				CLANG_WARN_ENUM_CONVERSION = YES;
				CLANG_WARN_INFINITE_RECURSION = YES;
				CLANG_WARN_INT_CONVERSION = YES;
				CLANG_WARN_NON_LITERAL_NULL_CONVERSION = YES;
				CLANG_WARN_OBJC_IMPLICIT_RETAIN_SELF = YES;
				CLANG_WARN_OBJC_LITERAL_CONVERSION = YES;
				CLANG_WARN_OBJC_ROOT_CLASS = YES_ERROR;
				CLANG_WARN_QUOTED_INCLUDE_IN_FRAMEWORK_HEADER = YES;
				CLANG_WARN_RANGE_LOOP_ANALYSIS = YES;
				CLANG_WARN_STRICT_PROTOTYPES = YES;
				CLANG_WARN_SUSPICIOUS_MOVE = YES;
				CLANG_WARN_UNGUARDED_AVAILABILITY = YES_AGGRESSIVE;
				CLANG_WARN_UNREACHABLE_CODE = YES;
				CLANG_WARN__DUPLICATE_METHOD_MATCH = YES;
				COPY_PHASE_STRIP = NO;
				DEBUG_INFORMATION_FORMAT = "dwarf-with-dsym";
				ENABLE_NS_ASSERTIONS = NO;
				ENABLE_STRICT_OBJC_MSGSEND = YES;
				ENABLE_USER_SCRIPT_SANDBOXING = YES;
				GCC_C_LANGUAGE_STANDARD = gnu17;
				GCC_NO_COMMON_BLOCKS = YES;
				GCC_WARN_64_TO_32_BIT_CONVERSION = YES;
				GCC_WARN_ABOUT_RETURN_TYPE = YES_ERROR;
				GCC_WARN_UNDECLARED_SELECTOR = YES;
				GCC_WARN_UNINITIALIZED_AUTOS = YES_AGGRESSIVE;
				GCC_WARN_UNUSED_FUNCTION = YES;
				GCC_WARN_UNUSED_VARIABLE = YES;
				IPHONEOS_DEPLOYMENT_TARGET = 18.2;
				LOCALIZATION_PREFERS_STRING_CATALOGS = YES;
				MTL_ENABLE_DEBUG_INFO = NO;
				MTL_FAST_MATH = YES;
				SDKROOT = iphoneos;
				SWIFT_COMPILATION_MODE = wholemodule;
				VALIDATE_PRODUCT = YES;
			};
			name = Release;
		};
		F37163842D30E04500F2C852 /* Debug */ = {
			isa = XCBuildConfiguration;
			buildSettings = {
				BUNDLE_LOADER = "$(TEST_HOST)";
				CODE_SIGN_STYLE = Automatic;
				CURRENT_PROJECT_VERSION = 1;
				DEVELOPMENT_TEAM = 75LH226TN7;
				GENERATE_INFOPLIST_FILE = YES;
				IPHONEOS_DEPLOYMENT_TARGET = 18.2;
				MARKETING_VERSION = 1.0;
				PRODUCT_BUNDLE_IDENTIFIER = "com.myname.--rockscissorTests";
				PRODUCT_NAME = "$(TARGET_NAME)";
				SWIFT_EMIT_LOC_STRINGS = NO;
				SWIFT_VERSION = 5.0;
				TARGETED_DEVICE_FAMILY = "1,2";
				TEST_HOST = "$(BUILT_PRODUCTS_DIR)/1+rockscissor.app/$(BUNDLE_EXECUTABLE_FOLDER_PATH)/1+rockscissor";
			};
			name = Debug;
		};
		F37163852D30E04500F2C852 /* Release */ = {
			isa = XCBuildConfiguration;
			buildSettings = {
				BUNDLE_LOADER = "$(TEST_HOST)";
				CODE_SIGN_STYLE = Automatic;
				CURRENT_PROJECT_VERSION = 1;
				DEVELOPMENT_TEAM = 75LH226TN7;
				GENERATE_INFOPLIST_FILE = YES;
				IPHONEOS_DEPLOYMENT_TARGET = 18.2;
				MARKETING_VERSION = 1.0;
				PRODUCT_BUNDLE_IDENTIFIER = "com.myname.--rockscissorTests";
				PRODUCT_NAME = "$(TARGET_NAME)";
				SWIFT_EMIT_LOC_STRINGS = NO;
				SWIFT_VERSION = 5.0;
				TARGETED_DEVICE_FAMILY = "1,2";
				TEST_HOST = "$(BUILT_PRODUCTS_DIR)/1+rockscissor.app/$(BUNDLE_EXECUTABLE_FOLDER_PATH)/1+rockscissor";
			};
			name = Release;
		};
		F37163872D30E04500F2C852 /* Debug */ = {
			isa = XCBuildConfiguration;
			buildSettings = {
				CODE_SIGN_STYLE = Automatic;
				CURRENT_PROJECT_VERSION = 1;
				DEVELOPMENT_TEAM = 75LH226TN7;
				GENERATE_INFOPLIST_FILE = YES;
				MARKETING_VERSION = 1.0;
				PRODUCT_BUNDLE_IDENTIFIER = "com.myname.--rockscissorUITests";
				PRODUCT_NAME = "$(TARGET_NAME)";
				SWIFT_EMIT_LOC_STRINGS = NO;
				SWIFT_VERSION = 5.0;
				TARGETED_DEVICE_FAMILY = "1,2";
				TEST_TARGET_NAME = "1+rockscissor";
			};
			name = Debug;
		};
		F37163882D30E04500F2C852 /* Release */ = {
			isa = XCBuildConfiguration;
			buildSettings = {
				CODE_SIGN_STYLE = Automatic;
				CURRENT_PROJECT_VERSION = 1;
				DEVELOPMENT_TEAM = 75LH226TN7;
				GENERATE_INFOPLIST_FILE = YES;
				MARKETING_VERSION = 1.0;
				PRODUCT_BUNDLE_IDENTIFIER = "com.myname.--rockscissorUITests";
				PRODUCT_NAME = "$(TARGET_NAME)";
				SWIFT_EMIT_LOC_STRINGS = NO;
				SWIFT_VERSION = 5.0;
				TARGETED_DEVICE_FAMILY = "1,2";
				TEST_TARGET_NAME = "1+rockscissor";
			};
			name = Release;
		};
/* End XCBuildConfiguration section */

/* Begin XCConfigurationList section */
		F37163502D30E04300F2C852 /* Build configuration list for PBXProject "1+rockscissor" */ = {
			isa = XCConfigurationList;
			buildConfigurations = (
				F37163812D30E04500F2C852 /* Debug */,
				F37163822D30E04500F2C852 /* Release */,
			);
			defaultConfigurationIsVisible = 0;
			defaultConfigurationName = Release;
		};
		F371637E2D30E04500F2C852 /* Build configuration list for PBXNativeTarget "1+rockscissor" */ = {
			isa = XCConfigurationList;
			buildConfigurations = (
				F371637F2D30E04500F2C852 /* Debug */,
				F37163802D30E04500F2C852 /* Release */,
			);
			defaultConfigurationIsVisible = 0;
			defaultConfigurationName = Release;
		};
		F37163832D30E04500F2C852 /* Build configuration list for PBXNativeTarget "1+rockscissorTests" */ = {
			isa = XCConfigurationList;
			buildConfigurations = (
				F37163842D30E04500F2C852 /* Debug */,
				F37163852D30E04500F2C852 /* Release */,
			);
			defaultConfigurationIsVisible = 0;
			defaultConfigurationName = Release;
		};
		F37163862D30E04500F2C852 /* Build configuration list for PBXNativeTarget "1+rockscissorUITests" */ = {
			isa = XCConfigurationList;
			buildConfigurations = (
				F37163872D30E04500F2C852 /* Debug */,
				F37163882D30E04500F2C852 /* Release */,
			);
			defaultConfigurationIsVisible = 0;
			defaultConfigurationName = Release;
		};
/* End XCConfigurationList section */
	};
	rootObject = F371634D2D30E04300F2C852 /* Project object */;
}
