// !$*UTF8*$!
{
	archiveVersion = 1;
	classes = {
	};
	objectVersion = 77;
	objects = {

/* Begin PBXContainerItemProxy section */
		F371632F2D30DBFF00F2C852 /* PBXContainerItemProxy */ = {
			isa = PBXContainerItemProxy;
			containerPortal = F37163102D30DBFD00F2C852 /* Project object */;
			proxyType = 1;
			remoteGlobalIDString = F37163172D30DBFD00F2C852;
			remoteInfo = rockscissor;
		};
		F37163392D30DBFF00F2C852 /* PBXContainerItemProxy */ = {
			isa = PBXContainerItemProxy;
			containerPortal = F37163102D30DBFD00F2C852 /* Project object */;
			proxyType = 1;
			remoteGlobalIDString = F37163172D30DBFD00F2C852;
			remoteInfo = rockscissor;
		};
/* End PBXContainerItemProxy section */

/* Begin PBXFileReference section */
		F37163182D30DBFD00F2C852 /* rockscissor.app */ = {isa = PBXFileReference; explicitFileType = wrapper.application; includeInIndex = 0; path = rockscissor.app; sourceTree = BUILT_PRODUCTS_DIR; };
		F371632E2D30DBFF00F2C852 /* rockscissorTests.xctest */ = {isa = PBXFileReference; explicitFileType = wrapper.cfbundle; includeInIndex = 0; path = rockscissorTests.xctest; sourceTree = BUILT_PRODUCTS_DIR; };
		F37163382D30DBFF00F2C852 /* rockscissorUITests.xctest */ = {isa = PBXFileReference; explicitFileType = wrapper.cfbundle; includeInIndex = 0; path = rockscissorUITests.xctest; sourceTree = BUILT_PRODUCTS_DIR; };
/* End PBXFileReference section */

/* Begin PBXFileSystemSynchronizedBuildFileExceptionSet section */
		F37163402D30DBFF00F2C852 /* Exceptions for "rockscissor" folder in "rockscissor" target */ = {
			isa = PBXFileSystemSynchronizedBuildFileExceptionSet;
			membershipExceptions = (
				Info.plist,
			);
			target = F37163172D30DBFD00F2C852 /* rockscissor */;
		};
/* End PBXFileSystemSynchronizedBuildFileExceptionSet section */

/* Begin PBXFileSystemSynchronizedRootGroup section */
		F371631A2D30DBFD00F2C852 /* rockscissor */ = {
			isa = PBXFileSystemSynchronizedRootGroup;
			exceptions = (
				F37163402D30DBFF00F2C852 /* Exceptions for "rockscissor" folder in "rockscissor" target */,
			);
			path = rockscissor;
			sourceTree = "<group>";
		};
		F37163312D30DBFF00F2C852 /* rockscissorTests */ = {
			isa = PBXFileSystemSynchronizedRootGroup;
			path = rockscissorTests;
			sourceTree = "<group>";
		};
		F371633B2D30DBFF00F2C852 /* rockscissorUITests */ = {
			isa = PBXFileSystemSynchronizedRootGroup;
			path = rockscissorUITests;
			sourceTree = "<group>";
		};
/* End PBXFileSystemSynchronizedRootGroup section */

/* Begin PBXFrameworksBuildPhase section */
		F37163152D30DBFD00F2C852 /* Frameworks */ = {
			isa = PBXFrameworksBuildPhase;
			buildActionMask = 2147483647;
			files = (
			);
			runOnlyForDeploymentPostprocessing = 0;
		};
		F371632B2D30DBFF00F2C852 /* Frameworks */ = {
			isa = PBXFrameworksBuildPhase;
			buildActionMask = 2147483647;
			files = (
			);
			runOnlyForDeploymentPostprocessing = 0;
		};
		F37163352D30DBFF00F2C852 /* Frameworks */ = {
			isa = PBXFrameworksBuildPhase;
			buildActionMask = 2147483647;
			files = (
			);
			runOnlyForDeploymentPostprocessing = 0;
		};
/* End PBXFrameworksBuildPhase section */

/* Begin PBXGroup section */
		F371630F2D30DBFD00F2C852 = {
			isa = PBXGroup;
			children = (
				F371631A2D30DBFD00F2C852 /* rockscissor */,
				F37163312D30DBFF00F2C852 /* rockscissorTests */,
				F371633B2D30DBFF00F2C852 /* rockscissorUITests */,
				F37163192D30DBFD00F2C852 /* Products */,
			);
			sourceTree = "<group>";
		};
		F37163192D30DBFD00F2C852 /* Products */ = {
			isa = PBXGroup;
			children = (
				F37163182D30DBFD00F2C852 /* rockscissor.app */,
				F371632E2D30DBFF00F2C852 /* rockscissorTests.xctest */,
				F37163382D30DBFF00F2C852 /* rockscissorUITests.xctest */,
			);
			name = Products;
			sourceTree = "<group>";
		};
/* End PBXGroup section */

/* Begin PBXNativeTarget section */
		F37163172D30DBFD00F2C852 /* rockscissor */ = {
			isa = PBXNativeTarget;
			buildConfigurationList = F37163412D30DBFF00F2C852 /* Build configuration list for PBXNativeTarget "rockscissor" */;
			buildPhases = (
				F37163142D30DBFD00F2C852 /* Sources */,
				F37163152D30DBFD00F2C852 /* Frameworks */,
				F37163162D30DBFD00F2C852 /* Resources */,
			);
			buildRules = (
			);
			dependencies = (
			);
			fileSystemSynchronizedGroups = (
				F371631A2D30DBFD00F2C852 /* rockscissor */,
			);
			name = rockscissor;
			packageProductDependencies = (
			);
			productName = rockscissor;
			productReference = F37163182D30DBFD00F2C852 /* rockscissor.app */;
			productType = "com.apple.product-type.application";
		};
		F371632D2D30DBFF00F2C852 /* rockscissorTests */ = {
			isa = PBXNativeTarget;
			buildConfigurationList = F37163462D30DBFF00F2C852 /* Build configuration list for PBXNativeTarget "rockscissorTests" */;
			buildPhases = (
				F371632A2D30DBFF00F2C852 /* Sources */,
				F371632B2D30DBFF00F2C852 /* Frameworks */,
				F371632C2D30DBFF00F2C852 /* Resources */,
			);
			buildRules = (
			);
			dependencies = (
				F37163302D30DBFF00F2C852 /* PBXTargetDependency */,
			);
			fileSystemSynchronizedGroups = (
				F37163312D30DBFF00F2C852 /* rockscissorTests */,
			);
			name = rockscissorTests;
			packageProductDependencies = (
			);
			productName = rockscissorTests;
			productReference = F371632E2D30DBFF00F2C852 /* rockscissorTests.xctest */;
			productType = "com.apple.product-type.bundle.unit-test";
		};
		F37163372D30DBFF00F2C852 /* rockscissorUITests */ = {
			isa = PBXNativeTarget;
			buildConfigurationList = F37163492D30DBFF00F2C852 /* Build configuration list for PBXNativeTarget "rockscissorUITests" */;
			buildPhases = (
				F37163342D30DBFF00F2C852 /* Sources */,
				F37163352D30DBFF00F2C852 /* Frameworks */,
				F37163362D30DBFF00F2C852 /* Resources */,
			);
			buildRules = (
			);
			dependencies = (
				F371633A2D30DBFF00F2C852 /* PBXTargetDependency */,
			);
			fileSystemSynchronizedGroups = (
				F371633B2D30DBFF00F2C852 /* rockscissorUITests */,
			);
			name = rockscissorUITests;
			packageProductDependencies = (
			);
			productName = rockscissorUITests;
			productReference = F37163382D30DBFF00F2C852 /* rockscissorUITests.xctest */;
			productType = "com.apple.product-type.bundle.ui-testing";
		};
/* End PBXNativeTarget section */

/* Begin PBXProject section */
		F37163102D30DBFD00F2C852 /* Project object */ = {
			isa = PBXProject;
			attributes = {
				BuildIndependentTargetsInParallel = 1;
				LastSwiftUpdateCheck = 1620;
				LastUpgradeCheck = 1620;
				TargetAttributes = {
					F37163172D30DBFD00F2C852 = {
						CreatedOnToolsVersion = 16.2;
					};
					F371632D2D30DBFF00F2C852 = {
						CreatedOnToolsVersion = 16.2;
						TestTargetID = F37163172D30DBFD00F2C852;
					};
					F37163372D30DBFF00F2C852 = {
						CreatedOnToolsVersion = 16.2;
						TestTargetID = F37163172D30DBFD00F2C852;
					};
				};
			};
			buildConfigurationList = F37163132D30DBFD00F2C852 /* Build configuration list for PBXProject "rockscissor" */;
			developmentRegion = en;
			hasScannedForEncodings = 0;
			knownRegions = (
				en,
				Base,
			);
			mainGroup = F371630F2D30DBFD00F2C852;
			minimizedProjectReferenceProxies = 1;
			preferredProjectObjectVersion = 77;
			productRefGroup = F37163192D30DBFD00F2C852 /* Products */;
			projectDirPath = "";
			projectRoot = "";
			targets = (
				F37163172D30DBFD00F2C852 /* rockscissor */,
				F371632D2D30DBFF00F2C852 /* rockscissorTests */,
				F37163372D30DBFF00F2C852 /* rockscissorUITests */,
			);
		};
/* End PBXProject section */

/* Begin PBXResourcesBuildPhase section */
		F37163162D30DBFD00F2C852 /* Resources */ = {
			isa = PBXResourcesBuildPhase;
			buildActionMask = 2147483647;
			files = (
			);
			runOnlyForDeploymentPostprocessing = 0;
		};
		F371632C2D30DBFF00F2C852 /* Resources */ = {
			isa = PBXResourcesBuildPhase;
			buildActionMask = 2147483647;
			files = (
			);
			runOnlyForDeploymentPostprocessing = 0;
		};
		F37163362D30DBFF00F2C852 /* Resources */ = {
			isa = PBXResourcesBuildPhase;
			buildActionMask = 2147483647;
			files = (
			);
			runOnlyForDeploymentPostprocessing = 0;
		};
/* End PBXResourcesBuildPhase section */

/* Begin PBXSourcesBuildPhase section */
		F37163142D30DBFD00F2C852 /* Sources */ = {
			isa = PBXSourcesBuildPhase;
			buildActionMask = 2147483647;
			files = (
			);
			runOnlyForDeploymentPostprocessing = 0;
		};
		F371632A2D30DBFF00F2C852 /* Sources */ = {
			isa = PBXSourcesBuildPhase;
			buildActionMask = 2147483647;
			files = (
			);
			runOnlyForDeploymentPostprocessing = 0;
		};
		F37163342D30DBFF00F2C852 /* Sources */ = {
			isa = PBXSourcesBuildPhase;
			buildActionMask = 2147483647;
			files = (
			);
			runOnlyForDeploymentPostprocessing = 0;
		};
/* End PBXSourcesBuildPhase section */

/* Begin PBXTargetDependency section */
		F37163302D30DBFF00F2C852 /* PBXTargetDependency */ = {
			isa = PBXTargetDependency;
			target = F37163172D30DBFD00F2C852 /* rockscissor */;
			targetProxy = F371632F2D30DBFF00F2C852 /* PBXContainerItemProxy */;
		};
		F371633A2D30DBFF00F2C852 /* PBXTargetDependency */ = {
			isa = PBXTargetDependency;
			target = F37163172D30DBFD00F2C852 /* rockscissor */;
			targetProxy = F37163392D30DBFF00F2C852 /* PBXContainerItemProxy */;
		};
/* End PBXTargetDependency section */

/* Begin XCBuildConfiguration section */
		F37163422D30DBFF00F2C852 /* Debug */ = {
			isa = XCBuildConfiguration;
			buildSettings = {
				ASSETCATALOG_COMPILER_APPICON_NAME = AppIcon;
				ASSETCATALOG_COMPILER_GLOBAL_ACCENT_COLOR_NAME = AccentColor;
				CODE_SIGN_STYLE = Automatic;
				CURRENT_PROJECT_VERSION = 1;
				DEVELOPMENT_TEAM = 75LH226TN7;
				GENERATE_INFOPLIST_FILE = YES;
				INFOPLIST_FILE = rockscissor/Info.plist;
				INFOPLIST_KEY_UIApplicationSupportsIndirectInputEvents = YES;
				INFOPLIST_KEY_UILaunchStoryboardName = LaunchScreen;
				INFOPLIST_KEY_UIMainStoryboardFile = Main;
				INFOPLIST_KEY_UISupportedInterfaceOrientations_iPad = "UIInterfaceOrientationPortrait UIInterfaceOrientationPortraitUpsideDown UIInterfaceOrientationLandscapeLeft UIInterfaceOrientationLandscapeRight";
				INFOPLIST_KEY_UISupportedInterfaceOrientations_iPhone = "UIInterfaceOrientationPortrait UIInterfaceOrientationLandscapeLeft UIInterfaceOrientationLandscapeRight";
				LD_RUNPATH_SEARCH_PATHS = (
					"$(inherited)",
					"@executable_path/Frameworks",
				);
				MARKETING_VERSION = 1.0;
				PRODUCT_BUNDLE_IDENTIFIER = com.myname.rockscissor;
				PRODUCT_NAME = "$(TARGET_NAME)";
				SWIFT_EMIT_LOC_STRINGS = YES;
				SWIFT_VERSION = 5.0;
				TARGETED_DEVICE_FAMILY = "1,2";
			};
			name = Debug;
		};
		F37163432D30DBFF00F2C852 /* Release */ = {
			isa = XCBuildConfiguration;
			buildSettings = {
				ASSETCATALOG_COMPILER_APPICON_NAME = AppIcon;
				ASSETCATALOG_COMPILER_GLOBAL_ACCENT_COLOR_NAME = AccentColor;
				CODE_SIGN_STYLE = Automatic;
				CURRENT_PROJECT_VERSION = 1;
				DEVELOPMENT_TEAM = 75LH226TN7;
				GENERATE_INFOPLIST_FILE = YES;
				INFOPLIST_FILE = rockscissor/Info.plist;
				INFOPLIST_KEY_UIApplicationSupportsIndirectInputEvents = YES;
				INFOPLIST_KEY_UILaunchStoryboardName = LaunchScreen;
				INFOPLIST_KEY_UIMainStoryboardFile = Main;
				INFOPLIST_KEY_UISupportedInterfaceOrientations_iPad = "UIInterfaceOrientationPortrait UIInterfaceOrientationPortraitUpsideDown UIInterfaceOrientationLandscapeLeft UIInterfaceOrientationLandscapeRight";
				INFOPLIST_KEY_UISupportedInterfaceOrientations_iPhone = "UIInterfaceOrientationPortrait UIInterfaceOrientationLandscapeLeft UIInterfaceOrientationLandscapeRight";
				LD_RUNPATH_SEARCH_PATHS = (
					"$(inherited)",
					"@executable_path/Frameworks",
				);
				MARKETING_VERSION = 1.0;
				PRODUCT_BUNDLE_IDENTIFIER = com.myname.rockscissor;
				PRODUCT_NAME = "$(TARGET_NAME)";
				SWIFT_EMIT_LOC_STRINGS = YES;
				SWIFT_VERSION = 5.0;
				TARGETED_DEVICE_FAMILY = "1,2";
			};
			name = Release;
		};
		F37163442D30DBFF00F2C852 /* Debug */ = {
			isa = XCBuildConfiguration;
			buildSettings = {
				ALWAYS_SEARCH_USER_PATHS = NO;
				ASSETCATALOG_COMPILER_GENERATE_SWIFT_ASSET_SYMBOL_EXTENSIONS = YES;
				CLANG_ANALYZER_NONNULL = YES;
				CLANG_ANALYZER_NUMBER_OBJECT_CONVERSION = YES_AGGRESSIVE;
				CLANG_CXX_LANGUAGE_STANDARD = "gnu++20";
				CLANG_ENABLE_MODULES = YES;
				CLANG_ENABLE_OBJC_ARC = YES;
				CLANG_ENABLE_OBJC_WEAK = YES;
				CLANG_WARN_BLOCK_CAPTURE_AUTORELEASING = YES;
				CLANG_WARN_BOOL_CONVERSION = YES;
				CLANG_WARN_COMMA = YES;
				CLANG_WARN_CONSTANT_CONVERSION = YES;
				CLANG_WARN_DEPRECATED_OBJC_IMPLEMENTATIONS = YES;
				CLANG_WARN_DIRECT_OBJC_ISA_USAGE = YES_ERROR;
				CLANG_WARN_DOCUMENTATION_COMMENTS = YES;
				CLANG_WARN_EMPTY_BODY = YES;
				CLANG_WARN_ENUM_CONVERSION = YES;
				CLANG_WARN_INFINITE_RECURSION = YES;
				CLANG_WARN_INT_CONVERSION = YES;
				CLANG_WARN_NON_LITERAL_NULL_CONVERSION = YES;
				CLANG_WARN_OBJC_IMPLICIT_RETAIN_SELF = YES;
				CLANG_WARN_OBJC_LITERAL_CONVERSION = YES;
				CLANG_WARN_OBJC_ROOT_CLASS = YES_ERROR;
				CLANG_WARN_QUOTED_INCLUDE_IN_FRAMEWORK_HEADER = YES;
				CLANG_WARN_RANGE_LOOP_ANALYSIS = YES;
				CLANG_WARN_STRICT_PROTOTYPES = YES;
				CLANG_WARN_SUSPICIOUS_MOVE = YES;
				CLANG_WARN_UNGUARDED_AVAILABILITY = YES_AGGRESSIVE;
				CLANG_WARN_UNREACHABLE_CODE = YES;
				CLANG_WARN__DUPLICATE_METHOD_MATCH = YES;
				COPY_PHASE_STRIP = NO;
				DEBUG_INFORMATION_FORMAT = dwarf;
				ENABLE_STRICT_OBJC_MSGSEND = YES;
				ENABLE_TESTABILITY = YES;
				ENABLE_USER_SCRIPT_SANDBOXING = YES;
				GCC_C_LANGUAGE_STANDARD = gnu17;
				GCC_DYNAMIC_NO_PIC = NO;
				GCC_NO_COMMON_BLOCKS = YES;
				GCC_OPTIMIZATION_LEVEL = 0;
				GCC_PREPROCESSOR_DEFINITIONS = (
					"DEBUG=1",
					"$(inherited)",
				);
				GCC_WARN_64_TO_32_BIT_CONVERSION = YES;
				GCC_WARN_ABOUT_RETURN_TYPE = YES_ERROR;
				GCC_WARN_UNDECLARED_SELECTOR = YES;
				GCC_WARN_UNINITIALIZED_AUTOS = YES_AGGRESSIVE;
				GCC_WARN_UNUSED_FUNCTION = YES;
				GCC_WARN_UNUSED_VARIABLE = YES;
				IPHONEOS_DEPLOYMENT_TARGET = 18.2;
				LOCALIZATION_PREFERS_STRING_CATALOGS = YES;
				MTL_ENABLE_DEBUG_INFO = INCLUDE_SOURCE;
				MTL_FAST_MATH = YES;
				ONLY_ACTIVE_ARCH = YES;
				SDKROOT = iphoneos;
				SWIFT_ACTIVE_COMPILATION_CONDITIONS = "DEBUG $(inherited)";
				SWIFT_OPTIMIZATION_LEVEL = "-Onone";
			};
			name = Debug;
		};
		F37163452D30DBFF00F2C852 /* Release */ = {
			isa = XCBuildConfiguration;
			buildSettings = {
				ALWAYS_SEARCH_USER_PATHS = NO;
				ASSETCATALOG_COMPILER_GENERATE_SWIFT_ASSET_SYMBOL_EXTENSIONS = YES;
				CLANG_ANALYZER_NONNULL = YES;
				CLANG_ANALYZER_NUMBER_OBJECT_CONVERSION = YES_AGGRESSIVE;
				CLANG_CXX_LANGUAGE_STANDARD = "gnu++20";
				CLANG_ENABLE_MODULES = YES;
				CLANG_ENABLE_OBJC_ARC = YES;
				CLANG_ENABLE_OBJC_WEAK = YES;
				CLANG_WARN_BLOCK_CAPTURE_AUTORELEASING = YES;
				CLANG_WARN_BOOL_CONVERSION = YES;
				CLANG_WARN_COMMA = YES;
				CLANG_WARN_CONSTANT_CONVERSION = YES;
				CLANG_WARN_DEPRECATED_OBJC_IMPLEMENTATIONS = YES;
				CLANG_WARN_DIRECT_OBJC_ISA_USAGE = YES_ERROR;
				CLANG_WARN_DOCUMENTATION_COMMENTS = YES;
				CLANG_WARN_EMPTY_BODY = YES;
				CLANG_WARN_ENUM_CONVERSION = YES;
				CLANG_WARN_INFINITE_RECURSION = YES;
				CLANG_WARN_INT_CONVERSION = YES;
				CLANG_WARN_NON_LITERAL_NULL_CONVERSION = YES;
				CLANG_WARN_OBJC_IMPLICIT_RETAIN_SELF = YES;
				CLANG_WARN_OBJC_LITERAL_CONVERSION = YES;
				CLANG_WARN_OBJC_ROOT_CLASS = YES_ERROR;
				CLANG_WARN_QUOTED_INCLUDE_IN_FRAMEWORK_HEADER = YES;
				CLANG_WARN_RANGE_LOOP_ANALYSIS = YES;
				CLANG_WARN_STRICT_PROTOTYPES = YES;
				CLANG_WARN_SUSPICIOUS_MOVE = YES;
				CLANG_WARN_UNGUARDED_AVAILABILITY = YES_AGGRESSIVE;
				CLANG_WARN_UNREACHABLE_CODE = YES;
				CLANG_WARN__DUPLICATE_METHOD_MATCH = YES;
				COPY_PHASE_STRIP = NO;
				DEBUG_INFORMATION_FORMAT = "dwarf-with-dsym";
				ENABLE_NS_ASSERTIONS = NO;
				ENABLE_STRICT_OBJC_MSGSEND = YES;
				ENABLE_USER_SCRIPT_SANDBOXING = YES;
				GCC_C_LANGUAGE_STANDARD = gnu17;
				GCC_NO_COMMON_BLOCKS = YES;
				GCC_WARN_64_TO_32_BIT_CONVERSION = YES;
				GCC_WARN_ABOUT_RETURN_TYPE = YES_ERROR;
				GCC_WARN_UNDECLARED_SELECTOR = YES;
				GCC_WARN_UNINITIALIZED_AUTOS = YES_AGGRESSIVE;
				GCC_WARN_UNUSED_FUNCTION = YES;
				GCC_WARN_UNUSED_VARIABLE = YES;
				IPHONEOS_DEPLOYMENT_TARGET = 18.2;
				LOCALIZATION_PREFERS_STRING_CATALOGS = YES;
				MTL_ENABLE_DEBUG_INFO = NO;
				MTL_FAST_MATH = YES;
				SDKROOT = iphoneos;
				SWIFT_COMPILATION_MODE = wholemodule;
				VALIDATE_PRODUCT = YES;
			};
			name = Release;
		};
		F37163472D30DBFF00F2C852 /* Debug */ = {
			isa = XCBuildConfiguration;
			buildSettings = {
				BUNDLE_LOADER = "$(TEST_HOST)";
				CODE_SIGN_STYLE = Automatic;
				CURRENT_PROJECT_VERSION = 1;
				DEVELOPMENT_TEAM = 75LH226TN7;
				GENERATE_INFOPLIST_FILE = YES;
				IPHONEOS_DEPLOYMENT_TARGET = 18.2;
				MARKETING_VERSION = 1.0;
				PRODUCT_BUNDLE_IDENTIFIER = com.myname.rockscissorTests;
				PRODUCT_NAME = "$(TARGET_NAME)";
				SWIFT_EMIT_LOC_STRINGS = NO;
				SWIFT_VERSION = 5.0;
				TARGETED_DEVICE_FAMILY = "1,2";
				TEST_HOST = "$(BUILT_PRODUCTS_DIR)/rockscissor.app/$(BUNDLE_EXECUTABLE_FOLDER_PATH)/rockscissor";
			};
			name = Debug;
		};
		F37163482D30DBFF00F2C852 /* Release */ = {
			isa = XCBuildConfiguration;
			buildSettings = {
				BUNDLE_LOADER = "$(TEST_HOST)";
				CODE_SIGN_STYLE = Automatic;
				CURRENT_PROJECT_VERSION = 1;
				DEVELOPMENT_TEAM = 75LH226TN7;
				GENERATE_INFOPLIST_FILE = YES;
				IPHONEOS_DEPLOYMENT_TARGET = 18.2;
				MARKETING_VERSION = 1.0;
				PRODUCT_BUNDLE_IDENTIFIER = com.myname.rockscissorTests;
				PRODUCT_NAME = "$(TARGET_NAME)";
				SWIFT_EMIT_LOC_STRINGS = NO;
				SWIFT_VERSION = 5.0;
				TARGETED_DEVICE_FAMILY = "1,2";
				TEST_HOST = "$(BUILT_PRODUCTS_DIR)/rockscissor.app/$(BUNDLE_EXECUTABLE_FOLDER_PATH)/rockscissor";
			};
			name = Release;
		};
		F371634A2D30DBFF00F2C852 /* Debug */ = {
			isa = XCBuildConfiguration;
			buildSettings = {
				CODE_SIGN_STYLE = Automatic;
				CURRENT_PROJECT_VERSION = 1;
				DEVELOPMENT_TEAM = 75LH226TN7;
				GENERATE_INFOPLIST_FILE = YES;
				MARKETING_VERSION = 1.0;
				PRODUCT_BUNDLE_IDENTIFIER = com.myname.rockscissorUITests;
				PRODUCT_NAME = "$(TARGET_NAME)";
				SWIFT_EMIT_LOC_STRINGS = NO;
				SWIFT_VERSION = 5.0;
				TARGETED_DEVICE_FAMILY = "1,2";
				TEST_TARGET_NAME = rockscissor;
			};
			name = Debug;
		};
		F371634B2D30DBFF00F2C852 /* Release */ = {
			isa = XCBuildConfiguration;
			buildSettings = {
				CODE_SIGN_STYLE = Automatic;
				CURRENT_PROJECT_VERSION = 1;
				DEVELOPMENT_TEAM = 75LH226TN7;
				GENERATE_INFOPLIST_FILE = YES;
				MARKETING_VERSION = 1.0;
				PRODUCT_BUNDLE_IDENTIFIER = com.myname.rockscissorUITests;
				PRODUCT_NAME = "$(TARGET_NAME)";
				SWIFT_EMIT_LOC_STRINGS = NO;
				SWIFT_VERSION = 5.0;
				TARGETED_DEVICE_FAMILY = "1,2";
				TEST_TARGET_NAME = rockscissor;
			};
			name = Release;
		};
/* End XCBuildConfiguration section */

/* Begin XCConfigurationList section */
		F37163132D30DBFD00F2C852 /* Build configuration list for PBXProject "rockscissor" */ = {
			isa = XCConfigurationList;
			buildConfigurations = (
				F37163442D30DBFF00F2C852 /* Debug */,
				F37163452D30DBFF00F2C852 /* Release */,
			);
			defaultConfigurationIsVisible = 0;
			defaultConfigurationName = Release;
		};
		F37163412D30DBFF00F2C852 /* Build configuration list for PBXNativeTarget "rockscissor" */ = {
			isa = XCConfigurationList;
			buildConfigurations = (
				F37163422D30DBFF00F2C852 /* Debug */,
				F37163432D30DBFF00F2C852 /* Release */,
			);
			defaultConfigurationIsVisible = 0;
			defaultConfigurationName = Release;
		};
		F37163462D30DBFF00F2C852 /* Build configuration list for PBXNativeTarget "rockscissorTests" */ = {
			isa = XCConfigurationList;
			buildConfigurations = (
				F37163472D30DBFF00F2C852 /* Debug */,
				F37163482D30DBFF00F2C852 /* Release */,
			);
			defaultConfigurationIsVisible = 0;
			defaultConfigurationName = Release;
		};
		F37163492D30DBFF00F2C852 /* Build configuration list for PBXNativeTarget "rockscissorUITests" */ = {
			isa = XCConfigurationList;
			buildConfigurations = (
				F371634A2D30DBFF00F2C852 /* Debug */,
				F371634B2D30DBFF00F2C852 /* Release */,
			);
			defaultConfigurationIsVisible = 0;
			defaultConfigurationName = Release;
		};
/* End XCConfigurationList section */
	};
	rootObject = F37163102D30DBFD00F2C852 /* Project object */;
}
