// !$*UTF8*$!
{
	archiveVersion = 1;
	classes = {
	};
	objectVersion = 77;
	objects = {

/* Begin PBXContainerItemProxy section */
		F30CB2A12D377DEF0013AE90 /* PBXContainerItemProxy */ = {
			isa = PBXContainerItemProxy;
			containerPortal = F30CB2822D377DED0013AE90 /* Project object */;
			proxyType = 1;
			remoteGlobalIDString = F30CB2892D377DED0013AE90;
			remoteInfo = "web+test";
		};
		F30CB2AB2D377DEF0013AE90 /* PBXContainerItemProxy */ = {
			isa = PBXContainerItemProxy;
			containerPortal = F30CB2822D377DED0013AE90 /* Project object */;
			proxyType = 1;
			remoteGlobalIDString = F30CB2892D377DED0013AE90;
			remoteInfo = "web+test";
		};
/* End PBXContainerItemProxy section */

/* Begin PBXFileReference section */
		F30CB28A2D377DED0013AE90 /* web+test.app */ = {isa = PBXFileReference; explicitFileType = wrapper.application; includeInIndex = 0; path = "web+test.app"; sourceTree = BUILT_PRODUCTS_DIR; };
		F30CB2A02D377DEF0013AE90 /* web+testTests.xctest */ = {isa = PBXFileReference; explicitFileType = wrapper.cfbundle; includeInIndex = 0; path = "web+testTests.xctest"; sourceTree = BUILT_PRODUCTS_DIR; };
		F30CB2AA2D377DEF0013AE90 /* web+testUITests.xctest */ = {isa = PBXFileReference; explicitFileType = wrapper.cfbundle; includeInIndex = 0; path = "web+testUITests.xctest"; sourceTree = BUILT_PRODUCTS_DIR; };
		F30CB2BF2D377EB60013AE90 /* WebKit.framework */ = {isa = PBXFileReference; lastKnownFileType = wrapper.framework; name = WebKit.framework; path = System/Library/Frameworks/WebKit.framework; sourceTree = SDKROOT; };
/* End PBXFileReference section */

/* Begin PBXFileSystemSynchronizedBuildFileExceptionSet section */
		F30CB2B22D377DEF0013AE90 /* Exceptions for "web+test" folder in "web+test" target */ = {
			isa = PBXFileSystemSynchronizedBuildFileExceptionSet;
			membershipExceptions = (
				Info.plist,
			);
			target = F30CB2892D377DED0013AE90 /* web+test */;
		};
/* End PBXFileSystemSynchronizedBuildFileExceptionSet section */

/* Begin PBXFileSystemSynchronizedRootGroup section */
		F30CB28C2D377DED0013AE90 /* web+test */ = {
			isa = PBXFileSystemSynchronizedRootGroup;
			exceptions = (
				F30CB2B22D377DEF0013AE90 /* Exceptions for "web+test" folder in "web+test" target */,
			);
			path = "web+test";
			sourceTree = "<group>";
		};
		F30CB2A32D377DEF0013AE90 /* web+testTests */ = {
			isa = PBXFileSystemSynchronizedRootGroup;
			path = "web+testTests";
			sourceTree = "<group>";
		};
		F30CB2AD2D377DEF0013AE90 /* web+testUITests */ = {
			isa = PBXFileSystemSynchronizedRootGroup;
			path = "web+testUITests";
			sourceTree = "<group>";
		};
/* End PBXFileSystemSynchronizedRootGroup section */

/* Begin PBXFrameworksBuildPhase section */
		F30CB2872D377DED0013AE90 /* Frameworks */ = {
			isa = PBXFrameworksBuildPhase;
			buildActionMask = 2147483647;
			files = (
			);
			runOnlyForDeploymentPostprocessing = 0;
		};
		F30CB29D2D377DEF0013AE90 /* Frameworks */ = {
			isa = PBXFrameworksBuildPhase;
			buildActionMask = 2147483647;
			files = (
			);
			runOnlyForDeploymentPostprocessing = 0;
		};
		F30CB2A72D377DEF0013AE90 /* Frameworks */ = {
			isa = PBXFrameworksBuildPhase;
			buildActionMask = 2147483647;
			files = (
			);
			runOnlyForDeploymentPostprocessing = 0;
		};
/* End PBXFrameworksBuildPhase section */

/* Begin PBXGroup section */
		F30CB2812D377DED0013AE90 = {
			isa = PBXGroup;
			children = (
				F30CB28C2D377DED0013AE90 /* web+test */,
				F30CB2A32D377DEF0013AE90 /* web+testTests */,
				F30CB2AD2D377DEF0013AE90 /* web+testUITests */,
				F30CB2BE2D377EB60013AE90 /* Frameworks */,
				F30CB28B2D377DED0013AE90 /* Products */,
			);
			sourceTree = "<group>";
		};
		F30CB28B2D377DED0013AE90 /* Products */ = {
			isa = PBXGroup;
			children = (
				F30CB28A2D377DED0013AE90 /* web+test.app */,
				F30CB2A02D377DEF0013AE90 /* web+testTests.xctest */,
				F30CB2AA2D377DEF0013AE90 /* web+testUITests.xctest */,
			);
			name = Products;
			sourceTree = "<group>";
		};
		F30CB2BE2D377EB60013AE90 /* Frameworks */ = {
			isa = PBXGroup;
			children = (
				F30CB2BF2D377EB60013AE90 /* WebKit.framework */,
			);
			name = Frameworks;
			sourceTree = "<group>";
		};
/* End PBXGroup section */

/* Begin PBXNativeTarget section */
		F30CB2892D377DED0013AE90 /* web+test */ = {
			isa = PBXNativeTarget;
			buildConfigurationList = F30CB2B32D377DEF0013AE90 /* Build configuration list for PBXNativeTarget "web+test" */;
			buildPhases = (
				F30CB2862D377DED0013AE90 /* Sources */,
				F30CB2872D377DED0013AE90 /* Frameworks */,
				F30CB2882D377DED0013AE90 /* Resources */,
			);
			buildRules = (
			);
			dependencies = (
			);
			fileSystemSynchronizedGroups = (
				F30CB28C2D377DED0013AE90 /* web+test */,
			);
			name = "web+test";
			packageProductDependencies = (
			);
			productName = "web+test";
			productReference = F30CB28A2D377DED0013AE90 /* web+test.app */;
			productType = "com.apple.product-type.application";
		};
		F30CB29F2D377DEF0013AE90 /* web+testTests */ = {
			isa = PBXNativeTarget;
			buildConfigurationList = F30CB2B82D377DEF0013AE90 /* Build configuration list for PBXNativeTarget "web+testTests" */;
			buildPhases = (
				F30CB29C2D377DEF0013AE90 /* Sources */,
				F30CB29D2D377DEF0013AE90 /* Frameworks */,
				F30CB29E2D377DEF0013AE90 /* Resources */,
			);
			buildRules = (
			);
			dependencies = (
				F30CB2A22D377DEF0013AE90 /* PBXTargetDependency */,
			);
			fileSystemSynchronizedGroups = (
				F30CB2A32D377DEF0013AE90 /* web+testTests */,
			);
			name = "web+testTests";
			packageProductDependencies = (
			);
			productName = "web+testTests";
			productReference = F30CB2A02D377DEF0013AE90 /* web+testTests.xctest */;
			productType = "com.apple.product-type.bundle.unit-test";
		};
		F30CB2A92D377DEF0013AE90 /* web+testUITests */ = {
			isa = PBXNativeTarget;
			buildConfigurationList = F30CB2BB2D377DEF0013AE90 /* Build configuration list for PBXNativeTarget "web+testUITests" */;
			buildPhases = (
				F30CB2A62D377DEF0013AE90 /* Sources */,
				F30CB2A72D377DEF0013AE90 /* Frameworks */,
				F30CB2A82D377DEF0013AE90 /* Resources */,
			);
			buildRules = (
			);
			dependencies = (
				F30CB2AC2D377DEF0013AE90 /* PBXTargetDependency */,
			);
			fileSystemSynchronizedGroups = (
				F30CB2AD2D377DEF0013AE90 /* web+testUITests */,
			);
			name = "web+testUITests";
			packageProductDependencies = (
			);
			productName = "web+testUITests";
			productReference = F30CB2AA2D377DEF0013AE90 /* web+testUITests.xctest */;
			productType = "com.apple.product-type.bundle.ui-testing";
		};
/* End PBXNativeTarget section */

/* Begin PBXProject section */
		F30CB2822D377DED0013AE90 /* Project object */ = {
			isa = PBXProject;
			attributes = {
				BuildIndependentTargetsInParallel = 1;
				LastSwiftUpdateCheck = 1620;
				LastUpgradeCheck = 1620;
				TargetAttributes = {
					F30CB2892D377DED0013AE90 = {
						CreatedOnToolsVersion = 16.2;
					};
					F30CB29F2D377DEF0013AE90 = {
						CreatedOnToolsVersion = 16.2;
						TestTargetID = F30CB2892D377DED0013AE90;
					};
					F30CB2A92D377DEF0013AE90 = {
						CreatedOnToolsVersion = 16.2;
						TestTargetID = F30CB2892D377DED0013AE90;
					};
				};
			};
			buildConfigurationList = F30CB2852D377DED0013AE90 /* Build configuration list for PBXProject "web+test" */;
			developmentRegion = en;
			hasScannedForEncodings = 0;
			knownRegions = (
				en,
				Base,
			);
			mainGroup = F30CB2812D377DED0013AE90;
			minimizedProjectReferenceProxies = 1;
			preferredProjectObjectVersion = 77;
			productRefGroup = F30CB28B2D377DED0013AE90 /* Products */;
			projectDirPath = "";
			projectRoot = "";
			targets = (
				F30CB2892D377DED0013AE90 /* web+test */,
				F30CB29F2D377DEF0013AE90 /* web+testTests */,
				F30CB2A92D377DEF0013AE90 /* web+testUITests */,
			);
		};
/* End PBXProject section */

/* Begin PBXResourcesBuildPhase section */
		F30CB2882D377DED0013AE90 /* Resources */ = {
			isa = PBXResourcesBuildPhase;
			buildActionMask = 2147483647;
			files = (
			);
			runOnlyForDeploymentPostprocessing = 0;
		};
		F30CB29E2D377DEF0013AE90 /* Resources */ = {
			isa = PBXResourcesBuildPhase;
			buildActionMask = 2147483647;
			files = (
			);
			runOnlyForDeploymentPostprocessing = 0;
		};
		F30CB2A82D377DEF0013AE90 /* Resources */ = {
			isa = PBXResourcesBuildPhase;
			buildActionMask = 2147483647;
			files = (
			);
			runOnlyForDeploymentPostprocessing = 0;
		};
/* End PBXResourcesBuildPhase section */

/* Begin PBXSourcesBuildPhase section */
		F30CB2862D377DED0013AE90 /* Sources */ = {
			isa = PBXSourcesBuildPhase;
			buildActionMask = 2147483647;
			files = (
			);
			runOnlyForDeploymentPostprocessing = 0;
		};
		F30CB29C2D377DEF0013AE90 /* Sources */ = {
			isa = PBXSourcesBuildPhase;
			buildActionMask = 2147483647;
			files = (
			);
			runOnlyForDeploymentPostprocessing = 0;
		};
		F30CB2A62D377DEF0013AE90 /* Sources */ = {
			isa = PBXSourcesBuildPhase;
			buildActionMask = 2147483647;
			files = (
			);
			runOnlyForDeploymentPostprocessing = 0;
		};
/* End PBXSourcesBuildPhase section */

/* Begin PBXTargetDependency section */
		F30CB2A22D377DEF0013AE90 /* PBXTargetDependency */ = {
			isa = PBXTargetDependency;
			target = F30CB2892D377DED0013AE90 /* web+test */;
			targetProxy = F30CB2A12D377DEF0013AE90 /* PBXContainerItemProxy */;
		};
		F30CB2AC2D377DEF0013AE90 /* PBXTargetDependency */ = {
			isa = PBXTargetDependency;
			target = F30CB2892D377DED0013AE90 /* web+test */;
			targetProxy = F30CB2AB2D377DEF0013AE90 /* PBXContainerItemProxy */;
		};
/* End PBXTargetDependency section */

/* Begin XCBuildConfiguration section */
		F30CB2B42D377DEF0013AE90 /* Debug */ = {
			isa = XCBuildConfiguration;
			buildSettings = {
				ASSETCATALOG_COMPILER_APPICON_NAME = AppIcon;
				ASSETCATALOG_COMPILER_GLOBAL_ACCENT_COLOR_NAME = AccentColor;
				CODE_SIGN_STYLE = Automatic;
				CURRENT_PROJECT_VERSION = 1;
				DEVELOPMENT_TEAM = 75LH226TN7;
				GENERATE_INFOPLIST_FILE = YES;
				INFOPLIST_FILE = "web+test/Info.plist";
				INFOPLIST_KEY_UIApplicationSupportsIndirectInputEvents = YES;
				INFOPLIST_KEY_UILaunchStoryboardName = LaunchScreen;
				INFOPLIST_KEY_UIMainStoryboardFile = Main;
				INFOPLIST_KEY_UISupportedInterfaceOrientations_iPad = "UIInterfaceOrientationPortrait UIInterfaceOrientationPortraitUpsideDown UIInterfaceOrientationLandscapeLeft UIInterfaceOrientationLandscapeRight";
				INFOPLIST_KEY_UISupportedInterfaceOrientations_iPhone = "UIInterfaceOrientationPortrait UIInterfaceOrientationLandscapeLeft UIInterfaceOrientationLandscapeRight";
				LD_RUNPATH_SEARCH_PATHS = (
					"$(inherited)",
					"@executable_path/Frameworks",
				);
				MARKETING_VERSION = 1.0;
				PRODUCT_BUNDLE_IDENTIFIER = "com.myname.web-test";
				PRODUCT_NAME = "$(TARGET_NAME)";
				SWIFT_EMIT_LOC_STRINGS = YES;
				SWIFT_VERSION = 5.0;
				TARGETED_DEVICE_FAMILY = "1,2";
			};
			name = Debug;
		};
		F30CB2B52D377DEF0013AE90 /* Release */ = {
			isa = XCBuildConfiguration;
			buildSettings = {
				ASSETCATALOG_COMPILER_APPICON_NAME = AppIcon;
				ASSETCATALOG_COMPILER_GLOBAL_ACCENT_COLOR_NAME = AccentColor;
				CODE_SIGN_STYLE = Automatic;
				CURRENT_PROJECT_VERSION = 1;
				DEVELOPMENT_TEAM = 75LH226TN7;
				GENERATE_INFOPLIST_FILE = YES;
				INFOPLIST_FILE = "web+test/Info.plist";
				INFOPLIST_KEY_UIApplicationSupportsIndirectInputEvents = YES;
				INFOPLIST_KEY_UILaunchStoryboardName = LaunchScreen;
				INFOPLIST_KEY_UIMainStoryboardFile = Main;
				INFOPLIST_KEY_UISupportedInterfaceOrientations_iPad = "UIInterfaceOrientationPortrait UIInterfaceOrientationPortraitUpsideDown UIInterfaceOrientationLandscapeLeft UIInterfaceOrientationLandscapeRight";
				INFOPLIST_KEY_UISupportedInterfaceOrientations_iPhone = "UIInterfaceOrientationPortrait UIInterfaceOrientationLandscapeLeft UIInterfaceOrientationLandscapeRight";
				LD_RUNPATH_SEARCH_PATHS = (
					"$(inherited)",
					"@executable_path/Frameworks",
				);
				MARKETING_VERSION = 1.0;
				PRODUCT_BUNDLE_IDENTIFIER = "com.myname.web-test";
				PRODUCT_NAME = "$(TARGET_NAME)";
				SWIFT_EMIT_LOC_STRINGS = YES;
				SWIFT_VERSION = 5.0;
				TARGETED_DEVICE_FAMILY = "1,2";
			};
			name = Release;
		};
		F30CB2B62D377DEF0013AE90 /* Debug */ = {
			isa = XCBuildConfiguration;
			buildSettings = {
				ALWAYS_SEARCH_USER_PATHS = NO;
				ASSETCATALOG_COMPILER_GENERATE_SWIFT_ASSET_SYMBOL_EXTENSIONS = YES;
				CLANG_ANALYZER_NONNULL = YES;
				CLANG_ANALYZER_NUMBER_OBJECT_CONVERSION = YES_AGGRESSIVE;
				CLANG_CXX_LANGUAGE_STANDARD = "gnu++20";
				CLANG_ENABLE_MODULES = YES;
				CLANG_ENABLE_OBJC_ARC = YES;
				CLANG_ENABLE_OBJC_WEAK = YES;
				CLANG_WARN_BLOCK_CAPTURE_AUTORELEASING = YES;
				CLANG_WARN_BOOL_CONVERSION = YES;
				CLANG_WARN_COMMA = YES;
				CLANG_WARN_CONSTANT_CONVERSION = YES;
				CLANG_WARN_DEPRECATED_OBJC_IMPLEMENTATIONS = YES;
				CLANG_WARN_DIRECT_OBJC_ISA_USAGE = YES_ERROR;
				CLANG_WARN_DOCUMENTATION_COMMENTS = YES;
				CLANG_WARN_EMPTY_BODY = YES;
				CLANG_WARN_ENUM_CONVERSION = YES;
				CLANG_WARN_INFINITE_RECURSION = YES;
				CLANG_WARN_INT_CONVERSION = YES;
				CLANG_WARN_NON_LITERAL_NULL_CONVERSION = YES;
				CLANG_WARN_OBJC_IMPLICIT_RETAIN_SELF = YES;
				CLANG_WARN_OBJC_LITERAL_CONVERSION = YES;
				CLANG_WARN_OBJC_ROOT_CLASS = YES_ERROR;
				CLANG_WARN_QUOTED_INCLUDE_IN_FRAMEWORK_HEADER = YES;
				CLANG_WARN_RANGE_LOOP_ANALYSIS = YES;
				CLANG_WARN_STRICT_PROTOTYPES = YES;
				CLANG_WARN_SUSPICIOUS_MOVE = YES;
				CLANG_WARN_UNGUARDED_AVAILABILITY = YES_AGGRESSIVE;
				CLANG_WARN_UNREACHABLE_CODE = YES;
				CLANG_WARN__DUPLICATE_METHOD_MATCH = YES;
				COPY_PHASE_STRIP = NO;
				DEBUG_INFORMATION_FORMAT = dwarf;
				ENABLE_STRICT_OBJC_MSGSEND = YES;
				ENABLE_TESTABILITY = YES;
				ENABLE_USER_SCRIPT_SANDBOXING = YES;
				GCC_C_LANGUAGE_STANDARD = gnu17;
				GCC_DYNAMIC_NO_PIC = NO;
				GCC_NO_COMMON_BLOCKS = YES;
				GCC_OPTIMIZATION_LEVEL = 0;
				GCC_PREPROCESSOR_DEFINITIONS = (
					"DEBUG=1",
					"$(inherited)",
				);
				GCC_WARN_64_TO_32_BIT_CONVERSION = YES;
				GCC_WARN_ABOUT_RETURN_TYPE = YES_ERROR;
				GCC_WARN_UNDECLARED_SELECTOR = YES;
				GCC_WARN_UNINITIALIZED_AUTOS = YES_AGGRESSIVE;
				GCC_WARN_UNUSED_FUNCTION = YES;
				GCC_WARN_UNUSED_VARIABLE = YES;
				IPHONEOS_DEPLOYMENT_TARGET = 18.2;
				LOCALIZATION_PREFERS_STRING_CATALOGS = YES;
				MTL_ENABLE_DEBUG_INFO = INCLUDE_SOURCE;
				MTL_FAST_MATH = YES;
				ONLY_ACTIVE_ARCH = YES;
				SDKROOT = iphoneos;
				SWIFT_ACTIVE_COMPILATION_CONDITIONS = "DEBUG $(inherited)";
				SWIFT_OPTIMIZATION_LEVEL = "-Onone";
			};
			name = Debug;
		};
		F30CB2B72D377DEF0013AE90 /* Release */ = {
			isa = XCBuildConfiguration;
			buildSettings = {
				ALWAYS_SEARCH_USER_PATHS = NO;
				ASSETCATALOG_COMPILER_GENERATE_SWIFT_ASSET_SYMBOL_EXTENSIONS = YES;
				CLANG_ANALYZER_NONNULL = YES;
				CLANG_ANALYZER_NUMBER_OBJECT_CONVERSION = YES_AGGRESSIVE;
				CLANG_CXX_LANGUAGE_STANDARD = "gnu++20";
				CLANG_ENABLE_MODULES = YES;
				CLANG_ENABLE_OBJC_ARC = YES;
				CLANG_ENABLE_OBJC_WEAK = YES;
				CLANG_WARN_BLOCK_CAPTURE_AUTORELEASING = YES;
				CLANG_WARN_BOOL_CONVERSION = YES;
				CLANG_WARN_COMMA = YES;
				CLANG_WARN_CONSTANT_CONVERSION = YES;
				CLANG_WARN_DEPRECATED_OBJC_IMPLEMENTATIONS = YES;
				CLANG_WARN_DIRECT_OBJC_ISA_USAGE = YES_ERROR;
				CLANG_WARN_DOCUMENTATION_COMMENTS = YES;
				CLANG_WARN_EMPTY_BODY = YES;
				CLANG_WARN_ENUM_CONVERSION = YES;
				CLANG_WARN_INFINITE_RECURSION = YES;
				CLANG_WARN_INT_CONVERSION = YES;
				CLANG_WARN_NON_LITERAL_NULL_CONVERSION = YES;
				CLANG_WARN_OBJC_IMPLICIT_RETAIN_SELF = YES;
				CLANG_WARN_OBJC_LITERAL_CONVERSION = YES;
				CLANG_WARN_OBJC_ROOT_CLASS = YES_ERROR;
				CLANG_WARN_QUOTED_INCLUDE_IN_FRAMEWORK_HEADER = YES;
				CLANG_WARN_RANGE_LOOP_ANALYSIS = YES;
				CLANG_WARN_STRICT_PROTOTYPES = YES;
				CLANG_WARN_SUSPICIOUS_MOVE = YES;
				CLANG_WARN_UNGUARDED_AVAILABILITY = YES_AGGRESSIVE;
				CLANG_WARN_UNREACHABLE_CODE = YES;
				CLANG_WARN__DUPLICATE_METHOD_MATCH = YES;
				COPY_PHASE_STRIP = NO;
				DEBUG_INFORMATION_FORMAT = "dwarf-with-dsym";
				ENABLE_NS_ASSERTIONS = NO;
				ENABLE_STRICT_OBJC_MSGSEND = YES;
				ENABLE_USER_SCRIPT_SANDBOXING = YES;
				GCC_C_LANGUAGE_STANDARD = gnu17;
				GCC_NO_COMMON_BLOCKS = YES;
				GCC_WARN_64_TO_32_BIT_CONVERSION = YES;
				GCC_WARN_ABOUT_RETURN_TYPE = YES_ERROR;
				GCC_WARN_UNDECLARED_SELECTOR = YES;
				GCC_WARN_UNINITIALIZED_AUTOS = YES_AGGRESSIVE;
				GCC_WARN_UNUSED_FUNCTION = YES;
				GCC_WARN_UNUSED_VARIABLE = YES;
				IPHONEOS_DEPLOYMENT_TARGET = 18.2;
				LOCALIZATION_PREFERS_STRING_CATALOGS = YES;
				MTL_ENABLE_DEBUG_INFO = NO;
				MTL_FAST_MATH = YES;
				SDKROOT = iphoneos;
				SWIFT_COMPILATION_MODE = wholemodule;
				VALIDATE_PRODUCT = YES;
			};
			name = Release;
		};
		F30CB2B92D377DEF0013AE90 /* Debug */ = {
			isa = XCBuildConfiguration;
			buildSettings = {
				BUNDLE_LOADER = "$(TEST_HOST)";
				CODE_SIGN_STYLE = Automatic;
				CURRENT_PROJECT_VERSION = 1;
				DEVELOPMENT_TEAM = 75LH226TN7;
				GENERATE_INFOPLIST_FILE = YES;
				IPHONEOS_DEPLOYMENT_TARGET = 18.2;
				MARKETING_VERSION = 1.0;
				PRODUCT_BUNDLE_IDENTIFIER = "com.myname.web-testTests";
				PRODUCT_NAME = "$(TARGET_NAME)";
				SWIFT_EMIT_LOC_STRINGS = NO;
				SWIFT_VERSION = 5.0;
				TARGETED_DEVICE_FAMILY = "1,2";
				TEST_HOST = "$(BUILT_PRODUCTS_DIR)/web+test.app/$(BUNDLE_EXECUTABLE_FOLDER_PATH)/web+test";
			};
			name = Debug;
		};
		F30CB2BA2D377DEF0013AE90 /* Release */ = {
			isa = XCBuildConfiguration;
			buildSettings = {
				BUNDLE_LOADER = "$(TEST_HOST)";
				CODE_SIGN_STYLE = Automatic;
				CURRENT_PROJECT_VERSION = 1;
				DEVELOPMENT_TEAM = 75LH226TN7;
				GENERATE_INFOPLIST_FILE = YES;
				IPHONEOS_DEPLOYMENT_TARGET = 18.2;
				MARKETING_VERSION = 1.0;
				PRODUCT_BUNDLE_IDENTIFIER = "com.myname.web-testTests";
				PRODUCT_NAME = "$(TARGET_NAME)";
				SWIFT_EMIT_LOC_STRINGS = NO;
				SWIFT_VERSION = 5.0;
				TARGETED_DEVICE_FAMILY = "1,2";
				TEST_HOST = "$(BUILT_PRODUCTS_DIR)/web+test.app/$(BUNDLE_EXECUTABLE_FOLDER_PATH)/web+test";
			};
			name = Release;
		};
		F30CB2BC2D377DEF0013AE90 /* Debug */ = {
			isa = XCBuildConfiguration;
			buildSettings = {
				CODE_SIGN_STYLE = Automatic;
				CURRENT_PROJECT_VERSION = 1;
				DEVELOPMENT_TEAM = 75LH226TN7;
				GENERATE_INFOPLIST_FILE = YES;
				MARKETING_VERSION = 1.0;
				PRODUCT_BUNDLE_IDENTIFIER = "com.myname.web-testUITests";
				PRODUCT_NAME = "$(TARGET_NAME)";
				SWIFT_EMIT_LOC_STRINGS = NO;
				SWIFT_VERSION = 5.0;
				TARGETED_DEVICE_FAMILY = "1,2";
				TEST_TARGET_NAME = "web+test";
			};
			name = Debug;
		};
		F30CB2BD2D377DEF0013AE90 /* Release */ = {
			isa = XCBuildConfiguration;
			buildSettings = {
				CODE_SIGN_STYLE = Automatic;
				CURRENT_PROJECT_VERSION = 1;
				DEVELOPMENT_TEAM = 75LH226TN7;
				GENERATE_INFOPLIST_FILE = YES;
				MARKETING_VERSION = 1.0;
				PRODUCT_BUNDLE_IDENTIFIER = "com.myname.web-testUITests";
				PRODUCT_NAME = "$(TARGET_NAME)";
				SWIFT_EMIT_LOC_STRINGS = NO;
				SWIFT_VERSION = 5.0;
				TARGETED_DEVICE_FAMILY = "1,2";
				TEST_TARGET_NAME = "web+test";
			};
			name = Release;
		};
/* End XCBuildConfiguration section */

/* Begin XCConfigurationList section */
		F30CB2852D377DED0013AE90 /* Build configuration list for PBXProject "web+test" */ = {
			isa = XCConfigurationList;
			buildConfigurations = (
				F30CB2B62D377DEF0013AE90 /* Debug */,
				F30CB2B72D377DEF0013AE90 /* Release */,
			);
			defaultConfigurationIsVisible = 0;
			defaultConfigurationName = Release;
		};
		F30CB2B32D377DEF0013AE90 /* Build configuration list for PBXNativeTarget "web+test" */ = {
			isa = XCConfigurationList;
			buildConfigurations = (
				F30CB2B42D377DEF0013AE90 /* Debug */,
				F30CB2B52D377DEF0013AE90 /* Release */,
			);
			defaultConfigurationIsVisible = 0;
			defaultConfigurationName = Release;
		};
		F30CB2B82D377DEF0013AE90 /* Build configuration list for PBXNativeTarget "web+testTests" */ = {
			isa = XCConfigurationList;
			buildConfigurations = (
				F30CB2B92D377DEF0013AE90 /* Debug */,
				F30CB2BA2D377DEF0013AE90 /* Release */,
			);
			defaultConfigurationIsVisible = 0;
			defaultConfigurationName = Release;
		};
		F30CB2BB2D377DEF0013AE90 /* Build configuration list for PBXNativeTarget "web+testUITests" */ = {
			isa = XCConfigurationList;
			buildConfigurations = (
				F30CB2BC2D377DEF0013AE90 /* Debug */,
				F30CB2BD2D377DEF0013AE90 /* Release */,
			);
			defaultConfigurationIsVisible = 0;
			defaultConfigurationName = Release;
		};
/* End XCConfigurationList section */
	};
	rootObject = F30CB2822D377DED0013AE90 /* Project object */;
}
